
Microsoft Visual Studio Solution File, Format Version 12.00
# Visual Studio Version 17
VisualStudioVersion = 17.14.36408.4 d17.14
MinimumVisualStudioVersion = 10.0.40219.1
Project("{FAE04EC0-301F-11D3-BF4B-00C04F79EFBC}") = "PracticoN4", "PracticoN4.csproj", "{6B4D16FD-7731-4FFD-81A7-1D02CF56811E}"
EndProject
Global
	GlobalSection(SolutionConfigurationPlatforms) = preSolution
		Debug|Any CPU = Debug|Any CPU
		Release|Any CPU = Release|Any CPU
	EndGlobalSection
	GlobalSection(ProjectConfigurationPlatforms) = postSolution
		{6B4D16FD-7731-4FFD-81A7-1D02CF56811E}.Debug|Any CPU.ActiveCfg = Debug|Any CPU
		{6B4D16FD-7731-4FFD-81A7-1D02CF56811E}.Debug|Any CPU.Build.0 = Debug|Any CPU
		{6B4D16FD-7731-4FFD-81A7-1D02CF56811E}.Release|Any CPU.ActiveCfg = Release|Any CPU
		{6B4D16FD-7731-4FFD-81A7-1D02CF56811E}.Release|Any CPU.Build.0 = Release|Any CPU
	EndGlobalSection
	GlobalSection(SolutionProperties) = preSolution
		HideSolutionNode = FALSE
	EndGlobalSection
	GlobalSection(ExtensibilityGlobals) = postSolution
		SolutionGuid = {C9B4EA08-47C6-4B00-8DCA-9472704F8BC4}
	EndGlobalSection
EndGlobal
